
Microsoft Visual Studio Solution File, Format Version 12.00
# Visual Studio 15
VisualStudioVersion = 15.0.28307.421
MinimumVisualStudioVersion = 10.0.40219.1
Project("{FAE04EC0-301F-11D3-BF4B-00C04F79EFBC}") = "REST_Code", "REST_Code\REST_Code.csproj", "{669E376D-FE1B-484A-BD1A-526CC86E5BBF}"
EndProject
Global
	GlobalSection(SolutionConfigurationPlatforms) = preSolution
		Debug|Any CPU = Debug|Any CPU
		Release|Any CPU = Release|Any CPU
	EndGlobalSection
	GlobalSection(ProjectConfigurationPlatforms) = postSolution
		{669E376D-FE1B-484A-BD1A-526CC86E5BBF}.Debug|Any CPU.ActiveCfg = Debug|Any CPU
		{669E376D-FE1B-484A-BD1A-526CC86E5BBF}.Debug|Any CPU.Build.0 = Debug|Any CPU
		{669E376D-FE1B-484A-BD1A-526CC86E5BBF}.Release|Any CPU.ActiveCfg = Release|Any CPU
		{669E376D-FE1B-484A-BD1A-526CC86E5BBF}.Release|Any CPU.Build.0 = Release|Any CPU
	EndGlobalSection
	GlobalSection(SolutionProperties) = preSolution
		HideSolutionNode = FALSE
	EndGlobalSection
	GlobalSection(ExtensibilityGlobals) = postSolution
		SolutionGuid = {D9F4F780-9A94-4281-A8E0-A803497CD36C}
	EndGlobalSection
EndGlobal
